
Microsoft Visual Studio Solution File, Format Version 12.00
# Visual Studio Version 16
VisualStudioVersion = 16.0.809.5
MinimumVisualStudioVersion = 10.0.40219.1
Project("{FAE04EC0-301F-11D3-BF4B-00C04F79EFBC}") = "EFTimescaleDBContext", "EFTimescaleDBBaseKit\EFTimescaleDBContext.csproj", "{76518DA1-F03B-45BD-833C-BD1160C5BE98}"
EndProject
Project("{FAE04EC0-301F-11D3-BF4B-00C04F79EFBC}") = "EFTimescaleDBContextExample", "EFTimescaleDBContextExample\EFTimescaleDBContextExample.csproj", "{06C0F682-1586-4340-A220-BCE849CC539A}"
EndProject
Global
	GlobalSection(SolutionConfigurationPlatforms) = preSolution
		Debug|Any CPU = Debug|Any CPU
		Release|Any CPU = Release|Any CPU
	EndGlobalSection
	GlobalSection(ProjectConfigurationPlatforms) = postSolution
		{76518DA1-F03B-45BD-833C-BD1160C5BE98}.Debug|Any CPU.ActiveCfg = Debug|Any CPU
		{76518DA1-F03B-45BD-833C-BD1160C5BE98}.Debug|Any CPU.Build.0 = Debug|Any CPU
		{76518DA1-F03B-45BD-833C-BD1160C5BE98}.Release|Any CPU.ActiveCfg = Release|Any CPU
		{76518DA1-F03B-45BD-833C-BD1160C5BE98}.Release|Any CPU.Build.0 = Release|Any CPU
		{06C0F682-1586-4340-A220-BCE849CC539A}.Debug|Any CPU.ActiveCfg = Debug|Any CPU
		{06C0F682-1586-4340-A220-BCE849CC539A}.Debug|Any CPU.Build.0 = Debug|Any CPU
		{06C0F682-1586-4340-A220-BCE849CC539A}.Release|Any CPU.ActiveCfg = Release|Any CPU
		{06C0F682-1586-4340-A220-BCE849CC539A}.Release|Any CPU.Build.0 = Release|Any CPU
	EndGlobalSection
	GlobalSection(SolutionProperties) = preSolution
		HideSolutionNode = FALSE
	EndGlobalSection
	GlobalSection(ExtensibilityGlobals) = postSolution
		SolutionGuid = {95BF61C4-F92B-4788-8C30-36D0387DFF06}
	EndGlobalSection
EndGlobal
